
Microsoft Visual Studio Solution File, Format Version 12.00
# Visual Studio Version 16
VisualStudioVersion = 16.0.32126.315
MinimumVisualStudioVersion = 10.0.40219.1
Project("{8BC9CEB8-8B4A-11D0-8D11-00A0C91BC942}") = "pkr_laba_3.2(b)", "pkr_laba_3.2(b)\pkr_laba_3.2(b).vcxproj", "{13024958-871C-4B55-BDEC-3AA42E2FC9D3}"
EndProject
Global
	GlobalSection(SolutionConfigurationPlatforms) = preSolution
		Debug|x64 = Debug|x64
		Debug|x86 = Debug|x86
		Release|x64 = Release|x64
		Release|x86 = Release|x86
	EndGlobalSection
	GlobalSection(ProjectConfigurationPlatforms) = postSolution
		{13024958-871C-4B55-BDEC-3AA42E2FC9D3}.Debug|x64.ActiveCfg = Debug|x64
		{13024958-871C-4B55-BDEC-3AA42E2FC9D3}.Debug|x64.Build.0 = Debug|x64
		{13024958-871C-4B55-BDEC-3AA42E2FC9D3}.Debug|x86.ActiveCfg = Debug|Win32
		{13024958-871C-4B55-BDEC-3AA42E2FC9D3}.Debug|x86.Build.0 = Debug|Win32
		{13024958-871C-4B55-BDEC-3AA42E2FC9D3}.Release|x64.ActiveCfg = Release|x64
		{13024958-871C-4B55-BDEC-3AA42E2FC9D3}.Release|x64.Build.0 = Release|x64
		{13024958-871C-4B55-BDEC-3AA42E2FC9D3}.Release|x86.ActiveCfg = Release|Win32
		{13024958-871C-4B55-BDEC-3AA42E2FC9D3}.Release|x86.Build.0 = Release|Win32
	EndGlobalSection
	GlobalSection(SolutionProperties) = preSolution
		HideSolutionNode = FALSE
	EndGlobalSection
	GlobalSection(ExtensibilityGlobals) = postSolution
		SolutionGuid = {67F32393-B271-4FA5-AA84-9920C2FA528E}
	EndGlobalSection
EndGlobal
